{
    "version": 3,
    "terraform_version": "0.11.14",
    "serial": 51,
    "lineage": "949bae5b-700f-b3af-3b2d-d29e669b708d",
    "modules": [
        {
            "path": [
                "root"
            ],
            "outputs": {
                "= run the following script to deploy test app": {
                    "sensitive": false,
                    "type": "string",
                    "value": "\n./scripts/deploy.sh\n"
                }
            },
            "resources": {},
            "depends_on": []
        },
        {
            "path": [
                "root",
                "cluster"
            ],
            "outputs": {},
            "resources": {
                "google_container_cluster.primary": {
                    "type": "google_container_cluster",
                    "depends_on": [],
                    "primary": {
                        "id": "prod",
                        "attributes": {
                            "additional_zones.#": "0",
                            "addons_config.#": "1",
                            "addons_config.0.horizontal_pod_autoscaling.#": "0",
                            "addons_config.0.http_load_balancing.#": "0",
                            "addons_config.0.kubernetes_dashboard.#": "1",
                            "addons_config.0.kubernetes_dashboard.0.disabled": "true",
                            "addons_config.0.network_policy_config.#": "1",
                            "addons_config.0.network_policy_config.0.disabled": "true",
                            "cluster_autoscaling.#": "0",
                            "cluster_ipv4_cidr": "10.36.0.0/14",
                            "default_max_pods_per_node": "110",
                            "description": "",
                            "enable_kubernetes_alpha": "false",
                            "enable_legacy_abac": "false",
                            "endpoint": "35.239.6.159",
                            "id": "prod",
                            "initial_node_count": "1",
                            "instance_group_urls.#": "1",
                            "instance_group_urls.0": "https://www.googleapis.com/compute/v1/projects/devops2020-kubernetes-271505/zones/us-central1-a/instanceGroups/gke-prod-prod-pool-77fa5ec6-grp",
                            "ip_allocation_policy.#": "1",
                            "ip_allocation_policy.0.cluster_ipv4_cidr_block": "",
                            "ip_allocation_policy.0.cluster_secondary_range_name": "",
                            "ip_allocation_policy.0.create_subnetwork": "false",
                            "ip_allocation_policy.0.node_ipv4_cidr_block": "10.9.1.0/24",
                            "ip_allocation_policy.0.services_ipv4_cidr_block": "",
                            "ip_allocation_policy.0.services_secondary_range_name": "",
                            "ip_allocation_policy.0.subnetwork_name": "",
                            "ip_allocation_policy.0.use_ip_aliases": "false",
                            "location": "us-central1-a",
                            "logging_service": "logging.googleapis.com/kubernetes",
                            "maintenance_policy.#": "0",
                            "master_auth.#": "1",
                            "master_auth.0.client_certificate": "",
                            "master_auth.0.client_certificate_config.#": "1",
                            "master_auth.0.client_certificate_config.0.issue_client_certificate": "false",
                            "master_auth.0.client_key": "",
                            "master_auth.0.cluster_ca_certificate": "LS0tLS1CRUdJTiBDRVJUSUZJQ0FURS0tLS0tCk1JSURDekNDQWZPZ0F3SUJBZ0lRVVROQ1dCclIzczhROXdmb1RGQmNLREFOQmdrcWhraUc5dzBCQVFzRkFEQXYKTVMwd0t3WURWUVFERXlRd1lqSTJPVEEzT0MwNE1UTXhMVFJqWXpZdE9Ua3pNQzFtWVRJd1pUUTRPVEZrTW1VdwpIaGNOTWpBd05EQXlNVGN5TVRRd1doY05NalV3TkRBeE1UZ3lNVFF3V2pBdk1TMHdLd1lEVlFRREV5UXdZakkyCk9UQTNPQzA0TVRNeExUUmpZell0T1Rrek1DMW1ZVEl3WlRRNE9URmtNbVV3Z2dFaU1BMEdDU3FHU0liM0RRRUIKQVFVQUE0SUJEd0F3Z2dFS0FvSUJBUUNUWVQwSi8xOFBuVEZaRHhvKzNCM3ZNV0YrejNQSmNUd3NRSVlNZ0dLYgp1VHlGNlgrK0FJYkFwWEV3NDhBRnNkUzVKTFgrR2cwdzJTellZUFdCdHRRZmNvWURzRW1jTWU5SHU2MnByZ096ClNGTlJEdlBNYlRXdlJDTjQvTjVQVUtoc0dNSmg4M3hDS2p0ZGllQXVpM2VocUVaZzhIMW9WU1VVbDRzS2wrU0wKN0V5a2N4endJOWREN0Z0bjgrTFpWTm9MZktBKzY2MkxIZlJWck9OM0ZjNW5mdnB1YzN2UkVDcVl6a1lKNGpweApSekNCdkVZbnhSUS9NVEZDSnk3QWd6a09mKzZnL2pEVjcrbWt2QXZhVHdZZVRhVHZBVzBkUGFMbkplV0tPSDBYCkthcTU0c083UE9hRGxqelpOdkh5NzFlV3pQTkFsdm5nNkpDblo2UmtNQTNMQWdNQkFBR2pJekFoTUE0R0ExVWQKRHdFQi93UUVBd0lDQkRBUEJnTlZIUk1CQWY4RUJUQURBUUgvTUEwR0NTcUdTSWIzRFFFQkN3VUFBNElCQVFCYwpZSFBqdG0ybGxuZ1VWS3F2cmNkaFp2QzBRSzgzWUxYTUN3bjZRT0YvbDRMWlN5L2JOdHA4RkE4dXRwRFM2eUdhClN5OGdHYkNDOStCRE5IQWxCZ3JqS240QytlTEE2US8vb1ZmcjA3V0hrTDBkMzYxNm5JcUJaVlMvNmhhSFhnMXcKMnRVMGRKd2hVZUNNMUtRR0QvWjNNWjZaZGZXczl4cldDUUVYMTBIajl0cDc2SnNUK3lhaGZ3WEZyQU5PcmJORwo0RVZTUXhSTmdMemJrSTVGc3BlYjhmUDIyUUVIMDdKdUhDeGxHd3EvTXpoWGFCaU85ZXZUQ21udXloaS8rZ0lnCml0UEowVWtxVHhtQ0RwZXdCbVJ0dEVmRDIrV1h3TEdrOEErT2xNQk9Md1VpRTdOVnJFUHRjY3hNNnpITnVTK1MKR1Z3SU1nVEVUY1FrZWw5eUlvdi8KLS0tLS1FTkQgQ0VSVElGSUNBVEUtLS0tLQo=",
                            "master_auth.0.password": "",
                            "master_auth.0.username": "",
                            "master_authorized_networks_config.#": "0",
                            "master_version": "1.14.10-gke.27",
                            "monitoring_service": "monitoring.googleapis.com/kubernetes",
                            "name": "prod",
                            "network": "projects/devops2020-kubernetes-271505/global/networks/kube-skazak-vpc",
                            "network_policy.#": "1",
                            "network_policy.0.enabled": "false",
                            "network_policy.0.provider": "PROVIDER_UNSPECIFIED",
                            "node_config.#": "1",
                            "node_config.0.disk_size_gb": "100",
                            "node_config.0.disk_type": "pd-standard",
                            "node_config.0.guest_accelerator.#": "0",
                            "node_config.0.image_type": "COS",
                            "node_config.0.labels.%": "1",
                            "node_config.0.labels.ref": "prod",
                            "node_config.0.local_ssd_count": "0",
                            "node_config.0.machine_type": "n1-standard-1",
                            "node_config.0.metadata.%": "1",
                            "node_config.0.metadata.disable-legacy-endpoints": "true",
                            "node_config.0.min_cpu_platform": "",
                            "node_config.0.oauth_scopes.#": "2",
                            "node_config.0.oauth_scopes.1277378754": "https://www.googleapis.com/auth/monitoring",
                            "node_config.0.oauth_scopes.172152165": "https://www.googleapis.com/auth/logging.write",
                            "node_config.0.preemptible": "true",
                            "node_config.0.sandbox_config.#": "0",
                            "node_config.0.service_account": "default",
                            "node_config.0.shielded_instance_config.#": "1",
                            "node_config.0.shielded_instance_config.0.enable_integrity_monitoring": "true",
                            "node_config.0.shielded_instance_config.0.enable_secure_boot": "false",
                            "node_config.0.tags.#": "2",
                            "node_config.0.tags.0": "prod",
                            "node_config.0.tags.1": "kubernetes",
                            "node_config.0.taint.#": "0",
                            "node_config.0.workload_metadata_config.#": "0",
                            "node_locations.#": "0",
                            "node_pool.#": "1",
                            "node_pool.0.autoscaling.#": "0",
                            "node_pool.0.initial_node_count": "1",
                            "node_pool.0.instance_group_urls.#": "1",
                            "node_pool.0.instance_group_urls.0": "https://www.googleapis.com/compute/v1/projects/devops2020-kubernetes-271505/zones/us-central1-a/instanceGroupManagers/gke-prod-prod-pool-77fa5ec6-grp",
                            "node_pool.0.management.#": "1",
                            "node_pool.0.management.0.auto_repair": "false",
                            "node_pool.0.management.0.auto_upgrade": "true",
                            "node_pool.0.max_pods_per_node": "0",
                            "node_pool.0.name": "prod-pool",
                            "node_pool.0.name_prefix": "",
                            "node_pool.0.node_config.#": "1",
                            "node_pool.0.node_config.0.disk_size_gb": "100",
                            "node_pool.0.node_config.0.disk_type": "pd-standard",
                            "node_pool.0.node_config.0.guest_accelerator.#": "0",
                            "node_pool.0.node_config.0.image_type": "COS",
                            "node_pool.0.node_config.0.labels.%": "1",
                            "node_pool.0.node_config.0.labels.ref": "prod",
                            "node_pool.0.node_config.0.local_ssd_count": "0",
                            "node_pool.0.node_config.0.machine_type": "n1-standard-1",
                            "node_pool.0.node_config.0.metadata.%": "1",
                            "node_pool.0.node_config.0.metadata.disable-legacy-endpoints": "true",
                            "node_pool.0.node_config.0.min_cpu_platform": "",
                            "node_pool.0.node_config.0.oauth_scopes.#": "2",
                            "node_pool.0.node_config.0.oauth_scopes.1277378754": "https://www.googleapis.com/auth/monitoring",
                            "node_pool.0.node_config.0.oauth_scopes.172152165": "https://www.googleapis.com/auth/logging.write",
                            "node_pool.0.node_config.0.preemptible": "true",
                            "node_pool.0.node_config.0.sandbox_config.#": "0",
                            "node_pool.0.node_config.0.service_account": "default",
                            "node_pool.0.node_config.0.shielded_instance_config.#": "1",
                            "node_pool.0.node_config.0.shielded_instance_config.0.enable_integrity_monitoring": "true",
                            "node_pool.0.node_config.0.shielded_instance_config.0.enable_secure_boot": "false",
                            "node_pool.0.node_config.0.tags.#": "2",
                            "node_pool.0.node_config.0.tags.0": "prod",
                            "node_pool.0.node_config.0.tags.1": "kubernetes",
                            "node_pool.0.node_config.0.taint.#": "0",
                            "node_pool.0.node_config.0.workload_metadata_config.#": "0",
                            "node_pool.0.node_count": "1",
                            "node_pool.0.version": "1.14.10-gke.27",
                            "node_version": "1.14.10-gke.27",
                            "private_cluster_config.#": "0",
                            "project": "devops2020-kubernetes-271505",
                            "remove_default_node_pool": "true",
                            "resource_labels.%": "0",
                            "services_ipv4_cidr": "10.39.240.0/20",
                            "subnetwork": "projects/devops2020-kubernetes-271505/regions/us-central1/subnetworks/sub-kube-skazak-public",
                            "zone": "us-central1-a"
                        },
                        "meta": {
                            "e2bfb730-ecaa-11e6-8f88-34363bc7c4c0": {
                                "create": 1800000000000,
                                "delete": 1800000000000,
                                "update": 3600000000000
                            },
                            "schema_version": "1"
                        },
                        "tainted": false
                    },
                    "deposed": [],
                    "provider": "provider.google"
                },
                "google_container_node_pool.primary_preemptible_nodes": {
                    "type": "google_container_node_pool",
                    "depends_on": [
                        "google_container_cluster.primary"
                    ],
                    "primary": {
                        "id": "us-central1-a/prod/prod-pool",
                        "attributes": {
                            "cluster": "prod",
                            "id": "us-central1-a/prod/prod-pool",
                            "initial_node_count": "2",
                            "instance_group_urls.#": "1",
                            "instance_group_urls.0": "https://www.googleapis.com/compute/v1/projects/devops2020-kubernetes-271505/zones/us-central1-a/instanceGroupManagers/gke-prod-prod-pool-77fa5ec6-grp",
                            "location": "us-central1-a",
                            "management.#": "1",
                            "management.0.auto_repair": "false",
                            "management.0.auto_upgrade": "true",
                            "name": "prod-pool",
                            "name_prefix": "",
                            "node_config.#": "1",
                            "node_config.0.disk_size_gb": "100",
                            "node_config.0.disk_type": "pd-standard",
                            "node_config.0.guest_accelerator.#": "0",
                            "node_config.0.image_type": "COS",
                            "node_config.0.labels.%": "1",
                            "node_config.0.labels.ref": "prod",
                            "node_config.0.local_ssd_count": "0",
                            "node_config.0.machine_type": "n1-standard-1",
                            "node_config.0.metadata.%": "1",
                            "node_config.0.metadata.disable-legacy-endpoints": "true",
                            "node_config.0.min_cpu_platform": "",
                            "node_config.0.oauth_scopes.#": "2",
                            "node_config.0.oauth_scopes.1277378754": "https://www.googleapis.com/auth/monitoring",
                            "node_config.0.oauth_scopes.172152165": "https://www.googleapis.com/auth/logging.write",
                            "node_config.0.preemptible": "true",
                            "node_config.0.sandbox_config.#": "0",
                            "node_config.0.service_account": "default",
                            "node_config.0.shielded_instance_config.#": "1",
                            "node_config.0.shielded_instance_config.0.enable_integrity_monitoring": "true",
                            "node_config.0.shielded_instance_config.0.enable_secure_boot": "false",
                            "node_config.0.tags.#": "2",
                            "node_config.0.tags.0": "prod",
                            "node_config.0.tags.1": "kubernetes",
                            "node_config.0.taint.#": "0",
                            "node_config.0.workload_metadata_config.#": "0",
                            "node_count": "2",
                            "project": "devops2020-kubernetes-271505",
                            "version": "1.14.10-gke.27",
                            "zone": "us-central1-a"
                        },
                        "meta": {
                            "e2bfb730-ecaa-11e6-8f88-34363bc7c4c0": {
                                "create": 1800000000000,
                                "delete": 600000000000,
                                "update": 2400000000000
                            },
                            "schema_version": "1"
                        },
                        "tainted": false
                    },
                    "deposed": [],
                    "provider": "provider.google"
                }
            },
            "depends_on": []
        },
        {
            "path": [
                "root",
                "firewall"
            ],
            "outputs": {},
            "resources": {
                "google_compute_firewall.firewall-external": {
                    "type": "google_compute_firewall",
                    "depends_on": [],
                    "primary": {
                        "id": "firewall-kube-ext",
                        "attributes": {
                            "allow.#": "2",
                            "allow.1367131964.ports.#": "0",
                            "allow.1367131964.protocol": "icmp",
                            "allow.2250996047.ports.#": "1",
                            "allow.2250996047.ports.0": "0-65535",
                            "allow.2250996047.protocol": "tcp",
                            "creation_timestamp": "2020-04-02T11:31:26.676-07:00",
                            "deny.#": "0",
                            "description": "Kubernetes Firewall rules",
                            "destination_ranges.#": "0",
                            "direction": "INGRESS",
                            "disabled": "false",
                            "id": "firewall-kube-ext",
                            "name": "firewall-kube-ext",
                            "network": "https://www.googleapis.com/compute/v1/projects/devops2020-kubernetes-271505/global/networks/kube-skazak-vpc",
                            "priority": "1000",
                            "project": "devops2020-kubernetes-271505",
                            "self_link": "https://www.googleapis.com/compute/v1/projects/devops2020-kubernetes-271505/global/firewalls/firewall-kube-ext",
                            "source_ranges.#": "1",
                            "source_ranges.1713503648": "93.171.161.152",
                            "source_service_accounts.#": "0",
                            "source_tags.#": "0",
                            "target_service_accounts.#": "0",
                            "target_tags.#": "0"
                        },
                        "meta": {
                            "e2bfb730-ecaa-11e6-8f88-34363bc7c4c0": {
                                "create": 240000000000,
                                "delete": 240000000000,
                                "update": 240000000000
                            },
                            "schema_version": "1"
                        },
                        "tainted": false
                    },
                    "deposed": [],
                    "provider": "provider.google"
                },
                "google_compute_firewall.firewall-kube": {
                    "type": "google_compute_firewall",
                    "depends_on": [],
                    "primary": {
                        "id": "firewall-kube",
                        "attributes": {
                            "allow.#": "2",
                            "allow.1367131964.ports.#": "0",
                            "allow.1367131964.protocol": "icmp",
                            "allow.2250996047.ports.#": "1",
                            "allow.2250996047.ports.0": "0-65535",
                            "allow.2250996047.protocol": "tcp",
                            "creation_timestamp": "2020-04-02T11:21:23.767-07:00",
                            "deny.#": "0",
                            "description": "Kubernetes Firewall rules",
                            "destination_ranges.#": "0",
                            "direction": "INGRESS",
                            "disabled": "false",
                            "id": "firewall-kube",
                            "name": "firewall-kube",
                            "network": "https://www.googleapis.com/compute/v1/projects/devops2020-kubernetes-271505/global/networks/kube-skazak-vpc",
                            "priority": "1000",
                            "project": "devops2020-kubernetes-271505",
                            "self_link": "https://www.googleapis.com/compute/v1/projects/devops2020-kubernetes-271505/global/firewalls/firewall-kube",
                            "source_ranges.#": "0",
                            "source_service_accounts.#": "0",
                            "source_tags.#": "1",
                            "source_tags.3583494352": "kubernetes",
                            "target_service_accounts.#": "0",
                            "target_tags.#": "1",
                            "target_tags.3583494352": "kubernetes"
                        },
                        "meta": {
                            "e2bfb730-ecaa-11e6-8f88-34363bc7c4c0": {
                                "create": 240000000000,
                                "delete": 240000000000,
                                "update": 240000000000
                            },
                            "schema_version": "1"
                        },
                        "tainted": false
                    },
                    "deposed": [],
                    "provider": "provider.google"
                }
            },
            "depends_on": []
        },
        {
            "path": [
                "root",
                "networking"
            ],
            "outputs": {
                "sub-vpc-public-name": {
                    "sensitive": false,
                    "type": "string",
                    "value": "sub-kube-skazak-public"
                },
                "sub-vpc-public-self_link": {
                    "sensitive": false,
                    "type": "string",
                    "value": "https://www.googleapis.com/compute/v1/projects/devops2020-kubernetes-271505/regions/us-central1/subnetworks/sub-kube-skazak-public"
                },
                "vpc-name": {
                    "sensitive": false,
                    "type": "string",
                    "value": "kube-skazak-vpc"
                },
                "vpc-self_link": {
                    "sensitive": false,
                    "type": "string",
                    "value": "https://www.googleapis.com/compute/v1/projects/devops2020-kubernetes-271505/global/networks/kube-skazak-vpc"
                }
            },
            "resources": {
                "google_compute_network.kube-vpc_network": {
                    "type": "google_compute_network",
                    "depends_on": [],
                    "primary": {
                        "id": "kube-skazak-vpc",
                        "attributes": {
                            "auto_create_subnetworks": "false",
                            "delete_default_routes_on_create": "false",
                            "description": "VPC network for Kubernetes clusters",
                            "gateway_ipv4": "",
                            "id": "kube-skazak-vpc",
                            "ipv4_range": "",
                            "name": "kube-skazak-vpc",
                            "project": "devops2020-kubernetes-271505",
                            "routing_mode": "REGIONAL",
                            "self_link": "https://www.googleapis.com/compute/v1/projects/devops2020-kubernetes-271505/global/networks/kube-skazak-vpc"
                        },
                        "meta": {
                            "e2bfb730-ecaa-11e6-8f88-34363bc7c4c0": {
                                "create": 240000000000,
                                "delete": 240000000000,
                                "update": 240000000000
                            }
                        },
                        "tainted": false
                    },
                    "deposed": [],
                    "provider": "provider.google"
                },
                "google_compute_subnetwork.kube-public-sub": {
                    "type": "google_compute_subnetwork",
                    "depends_on": [
                        "google_compute_network.kube-vpc_network"
                    ],
                    "primary": {
                        "id": "us-central1/sub-kube-skazak-public",
                        "attributes": {
                            "creation_timestamp": "2020-04-02T11:21:23.992-07:00",
                            "description": "Public subnetwork for Kubernetes clusters",
                            "enable_flow_logs": "false",
                            "fingerprint": "dpeKUPvCu2M=",
                            "gateway_address": "10.9.1.1",
                            "id": "us-central1/sub-kube-skazak-public",
                            "ip_cidr_range": "10.9.1.0/24",
                            "log_config.#": "0",
                            "name": "sub-kube-skazak-public",
                            "network": "https://www.googleapis.com/compute/v1/projects/devops2020-kubernetes-271505/global/networks/kube-skazak-vpc",
                            "private_ip_google_access": "false",
                            "project": "devops2020-kubernetes-271505",
                            "region": "us-central1",
                            "secondary_ip_range.#": "0",
                            "self_link": "https://www.googleapis.com/compute/v1/projects/devops2020-kubernetes-271505/regions/us-central1/subnetworks/sub-kube-skazak-public"
                        },
                        "meta": {
                            "e2bfb730-ecaa-11e6-8f88-34363bc7c4c0": {
                                "create": 360000000000,
                                "delete": 360000000000,
                                "update": 360000000000
                            }
                        },
                        "tainted": false
                    },
                    "deposed": [],
                    "provider": "provider.google"
                }
            },
            "depends_on": []
        }
    ]
}
